{
  "name": "components3000",
  "version": "1.0.2",
  "lockfileVersion": 1,
  "requires": true,
  "dependencies": {
    "buttons3000": {
      "version": "1.0.0",
      "resolved": "https://registry.npmjs.org/buttons3000/-/buttons3000-1.0.0.tgz",
      "integrity": "sha512-DwtcaE54/SFkwfAemQfUcn17Qb+q/6UtpA/rJH0VS8GaBwB+37u0xSPc4/8rysxG37Te965KXZ7jWNiJ9JAUjw==",
      "dev": true,
      "requires": {
        "spinner3000": "^1.0.2"
      }
    },
    "spinner3000": {
      "version": "1.0.2",
      "resolved": "https://registry.npmjs.org/spinner3000/-/spinner3000-1.0.2.tgz",
      "integrity": "sha512-ltv42xGo5vshBB3Sbhf5XrwDsGnIEKzeRG0EY9Vxc0nBP0tPfXlBG4HL9qbZLkEC0dYS3/mCOC6s/3zP31Bf2w==",
      "dev": true
    }
  }
}
