{
  "name": "buttons",
  "version": "1.0.0",
  "lockfileVersion": 1,
  "requires": true,
  "dependencies": {
    "spinner3000": {
      "version": "1.0.1",
      "resolved": "https://registry.npmjs.org/spinner3000/-/spinner3000-1.0.1.tgz",
      "integrity": "sha512-0QSsH5xQ/BcTS82+knXYH3qcdmSdLNhSlOPpJjtakmtp7MviodEjIkaT2GVNTxmYg1IqJxMsTLBhm4aktwXAcg=="
    }
  }
}
