{
  "name": "buttons3000",
  "version": "1.0.0",
  "lockfileVersion": 1,
  "requires": true,
  "dependencies": {
    "spinner3000": {
      "version": "1.0.2",
      "resolved": "https://registry.npmjs.org/spinner3000/-/spinner3000-1.0.2.tgz",
      "integrity": "sha512-ltv42xGo5vshBB3Sbhf5XrwDsGnIEKzeRG0EY9Vxc0nBP0tPfXlBG4HL9qbZLkEC0dYS3/mCOC6s/3zP31Bf2w=="
    }
  }
}
